
Microsoft Visual Studio Solution File, Format Version 11.00
# Visual Studio 2010
Project("{FAE04EC0-301F-11D3-BF4B-00C04F79EFBC}") = "TestProject", "TestProject\TestProject.csproj", "{5E3608EB-43E5-4589-BC90-5E200EF24B87}"
EndProject
Project("{FAE04EC0-301F-11D3-BF4B-00C04F79EFBC}") = "FrmProject", "FrmProject\FrmProject.csproj", "{00D1311B-E07F-4AE0-BAF8-A471CCB698FC}"
EndProject
Project("{FAE04EC0-301F-11D3-BF4B-00C04F79EFBC}") = "ConsolProject", "ConsolProject\ConsolProject.csproj", "{1D983104-393A-49FF-A6F3-9378E9F45E70}"
EndProject
Global
	GlobalSection(SolutionConfigurationPlatforms) = preSolution
		Debug|Any CPU = Debug|Any CPU
		Debug|Mixed Platforms = Debug|Mixed Platforms
		Debug|x86 = Debug|x86
		Release|Any CPU = Release|Any CPU
		Release|Mixed Platforms = Release|Mixed Platforms
		Release|x86 = Release|x86
	EndGlobalSection
	GlobalSection(ProjectConfigurationPlatforms) = postSolution
		{5E3608EB-43E5-4589-BC90-5E200EF24B87}.Debug|Any CPU.ActiveCfg = Debug|Any CPU
		{5E3608EB-43E5-4589-BC90-5E200EF24B87}.Debug|Any CPU.Build.0 = Debug|Any CPU
		{5E3608EB-43E5-4589-BC90-5E200EF24B87}.Debug|Mixed Platforms.ActiveCfg = Debug|Any CPU
		{5E3608EB-43E5-4589-BC90-5E200EF24B87}.Debug|Mixed Platforms.Build.0 = Debug|Any CPU
		{5E3608EB-43E5-4589-BC90-5E200EF24B87}.Debug|x86.ActiveCfg = Debug|Any CPU
		{5E3608EB-43E5-4589-BC90-5E200EF24B87}.Release|Any CPU.ActiveCfg = Release|Any CPU
		{5E3608EB-43E5-4589-BC90-5E200EF24B87}.Release|Any CPU.Build.0 = Release|Any CPU
		{5E3608EB-43E5-4589-BC90-5E200EF24B87}.Release|Mixed Platforms.ActiveCfg = Release|Any CPU
		{5E3608EB-43E5-4589-BC90-5E200EF24B87}.Release|Mixed Platforms.Build.0 = Release|Any CPU
		{5E3608EB-43E5-4589-BC90-5E200EF24B87}.Release|x86.ActiveCfg = Release|Any CPU
		{00D1311B-E07F-4AE0-BAF8-A471CCB698FC}.Debug|Any CPU.ActiveCfg = Debug|x86
		{00D1311B-E07F-4AE0-BAF8-A471CCB698FC}.Debug|Mixed Platforms.ActiveCfg = Debug|x86
		{00D1311B-E07F-4AE0-BAF8-A471CCB698FC}.Debug|Mixed Platforms.Build.0 = Debug|x86
		{00D1311B-E07F-4AE0-BAF8-A471CCB698FC}.Debug|x86.ActiveCfg = Debug|x86
		{00D1311B-E07F-4AE0-BAF8-A471CCB698FC}.Debug|x86.Build.0 = Debug|x86
		{00D1311B-E07F-4AE0-BAF8-A471CCB698FC}.Release|Any CPU.ActiveCfg = Release|x86
		{00D1311B-E07F-4AE0-BAF8-A471CCB698FC}.Release|Mixed Platforms.ActiveCfg = Release|x86
		{00D1311B-E07F-4AE0-BAF8-A471CCB698FC}.Release|Mixed Platforms.Build.0 = Release|x86
		{00D1311B-E07F-4AE0-BAF8-A471CCB698FC}.Release|x86.ActiveCfg = Release|x86
		{00D1311B-E07F-4AE0-BAF8-A471CCB698FC}.Release|x86.Build.0 = Release|x86
		{1D983104-393A-49FF-A6F3-9378E9F45E70}.Debug|Any CPU.ActiveCfg = Debug|x86
		{1D983104-393A-49FF-A6F3-9378E9F45E70}.Debug|Mixed Platforms.ActiveCfg = Debug|x86
		{1D983104-393A-49FF-A6F3-9378E9F45E70}.Debug|Mixed Platforms.Build.0 = Debug|x86
		{1D983104-393A-49FF-A6F3-9378E9F45E70}.Debug|x86.ActiveCfg = Debug|x86
		{1D983104-393A-49FF-A6F3-9378E9F45E70}.Debug|x86.Build.0 = Debug|x86
		{1D983104-393A-49FF-A6F3-9378E9F45E70}.Release|Any CPU.ActiveCfg = Release|x86
		{1D983104-393A-49FF-A6F3-9378E9F45E70}.Release|Mixed Platforms.ActiveCfg = Release|x86
		{1D983104-393A-49FF-A6F3-9378E9F45E70}.Release|Mixed Platforms.Build.0 = Release|x86
		{1D983104-393A-49FF-A6F3-9378E9F45E70}.Release|x86.ActiveCfg = Release|x86
		{1D983104-393A-49FF-A6F3-9378E9F45E70}.Release|x86.Build.0 = Release|x86
	EndGlobalSection
	GlobalSection(SolutionProperties) = preSolution
		HideSolutionNode = FALSE
	EndGlobalSection
EndGlobal
